
Microsoft Visual Studio Solution File, Format Version 12.00
# Visual Studio 15
VisualStudioVersion = 15.0.28010.2050
MinimumVisualStudioVersion = 10.0.40219.1
Project("{8BC9CEB8-8B4A-11D0-8D11-00A0C91BC942}") = "OpenGL First", "OpenGL First\OpenGL First.vcxproj", "{91E80E46-4C21-4A4D-9CA8-44C40DEFD016}"
EndProject
Global
	GlobalSection(SolutionConfigurationPlatforms) = preSolution
		Debug|x64 = Debug|x64
		Debug|x86 = Debug|x86
		Release|x64 = Release|x64
		Release|x86 = Release|x86
	EndGlobalSection
	GlobalSection(ProjectConfigurationPlatforms) = postSolution
		{91E80E46-4C21-4A4D-9CA8-44C40DEFD016}.Debug|x64.ActiveCfg = Debug|x64
		{91E80E46-4C21-4A4D-9CA8-44C40DEFD016}.Debug|x64.Build.0 = Debug|x64
		{91E80E46-4C21-4A4D-9CA8-44C40DEFD016}.Debug|x86.ActiveCfg = Debug|Win32
		{91E80E46-4C21-4A4D-9CA8-44C40DEFD016}.Debug|x86.Build.0 = Debug|Win32
		{91E80E46-4C21-4A4D-9CA8-44C40DEFD016}.Release|x64.ActiveCfg = Release|x64
		{91E80E46-4C21-4A4D-9CA8-44C40DEFD016}.Release|x64.Build.0 = Release|x64
		{91E80E46-4C21-4A4D-9CA8-44C40DEFD016}.Release|x86.ActiveCfg = Release|Win32
		{91E80E46-4C21-4A4D-9CA8-44C40DEFD016}.Release|x86.Build.0 = Release|Win32
	EndGlobalSection
	GlobalSection(SolutionProperties) = preSolution
		HideSolutionNode = FALSE
	EndGlobalSection
	GlobalSection(ExtensibilityGlobals) = postSolution
		SolutionGuid = {009B8316-568A-4807-81C3-60515C673557}
	EndGlobalSection
EndGlobal
